
Microsoft Visual Studio Solution File, Format Version 12.00
# Visual Studio Version 17
VisualStudioVersion = 17.10.34916.146
MinimumVisualStudioVersion = 10.0.40219.1
Project("{9A19103F-16F7-4668-BE54-9A1E7A4F7556}") = "RozkladJazdyBlazor", "RozkladJazdyBlazor.csproj", "{061D31F0-C537-4B7C-80A4-097C78FB5F22}"
EndProject
Global
	GlobalSection(SolutionConfigurationPlatforms) = preSolution
		Debug|Any CPU = Debug|Any CPU
		Release|Any CPU = Release|Any CPU
	EndGlobalSection
	GlobalSection(ProjectConfigurationPlatforms) = postSolution
		{061D31F0-C537-4B7C-80A4-097C78FB5F22}.Debug|Any CPU.ActiveCfg = Debug|Any CPU
		{061D31F0-C537-4B7C-80A4-097C78FB5F22}.Debug|Any CPU.Build.0 = Debug|Any CPU
		{061D31F0-C537-4B7C-80A4-097C78FB5F22}.Release|Any CPU.ActiveCfg = Release|Any CPU
		{061D31F0-C537-4B7C-80A4-097C78FB5F22}.Release|Any CPU.Build.0 = Release|Any CPU
	EndGlobalSection
	GlobalSection(SolutionProperties) = preSolution
		HideSolutionNode = FALSE
	EndGlobalSection
	GlobalSection(ExtensibilityGlobals) = postSolution
		SolutionGuid = {8F6CEF4F-F6BC-4185-A77B-C138134072A8}
	EndGlobalSection
EndGlobal
